
Microsoft Visual Studio Solution File, Format Version 11.00
# Visual Studio 2010
Project("{FAE04EC0-301F-11D3-BF4B-00C04F79EFBC}") = "walletproject5", "walletproject5\walletproject5.csproj", "{EE6BE800-4D76-4870-A8D7-D7C5F7C8C5B0}"
EndProject
Project("{FAE04EC0-301F-11D3-BF4B-00C04F79EFBC}") = "Walletproject5Test", "Walletproject5Test\Walletproject5Test.csproj", "{DB32D272-8B8D-463B-972B-78EA1FA5CAE5}"
EndProject
Project("{2150E333-8FDC-42A3-9474-1A3956D46DE8}") = "Solution Items", "Solution Items", "{6E96E998-7F49-4845-9E68-8E7CDB44938C}"
	ProjectSection(SolutionItems) = preProject
		Local.testsettings = Local.testsettings
		TraceAndTestImpact.testsettings = TraceAndTestImpact.testsettings
		walletproject5.vsmdi = walletproject5.vsmdi
	EndProjectSection
EndProject
Global
	GlobalSection(TestCaseManagementSettings) = postSolution
		CategoryFile = walletproject5.vsmdi
	EndGlobalSection
	GlobalSection(SolutionConfigurationPlatforms) = preSolution
		Debug|Any CPU = Debug|Any CPU
		Debug|Mixed Platforms = Debug|Mixed Platforms
		Debug|x86 = Debug|x86
		Release|Any CPU = Release|Any CPU
		Release|Mixed Platforms = Release|Mixed Platforms
		Release|x86 = Release|x86
	EndGlobalSection
	GlobalSection(ProjectConfigurationPlatforms) = postSolution
		{EE6BE800-4D76-4870-A8D7-D7C5F7C8C5B0}.Debug|Any CPU.ActiveCfg = Debug|x86
		{EE6BE800-4D76-4870-A8D7-D7C5F7C8C5B0}.Debug|Mixed Platforms.ActiveCfg = Debug|x86
		{EE6BE800-4D76-4870-A8D7-D7C5F7C8C5B0}.Debug|Mixed Platforms.Build.0 = Debug|x86
		{EE6BE800-4D76-4870-A8D7-D7C5F7C8C5B0}.Debug|x86.ActiveCfg = Debug|x86
		{EE6BE800-4D76-4870-A8D7-D7C5F7C8C5B0}.Debug|x86.Build.0 = Debug|x86
		{EE6BE800-4D76-4870-A8D7-D7C5F7C8C5B0}.Release|Any CPU.ActiveCfg = Release|x86
		{EE6BE800-4D76-4870-A8D7-D7C5F7C8C5B0}.Release|Mixed Platforms.ActiveCfg = Release|x86
		{EE6BE800-4D76-4870-A8D7-D7C5F7C8C5B0}.Release|Mixed Platforms.Build.0 = Release|x86
		{EE6BE800-4D76-4870-A8D7-D7C5F7C8C5B0}.Release|x86.ActiveCfg = Release|x86
		{EE6BE800-4D76-4870-A8D7-D7C5F7C8C5B0}.Release|x86.Build.0 = Release|x86
		{DB32D272-8B8D-463B-972B-78EA1FA5CAE5}.Debug|Any CPU.ActiveCfg = Debug|Any CPU
		{DB32D272-8B8D-463B-972B-78EA1FA5CAE5}.Debug|Any CPU.Build.0 = Debug|Any CPU
		{DB32D272-8B8D-463B-972B-78EA1FA5CAE5}.Debug|Mixed Platforms.ActiveCfg = Debug|Any CPU
		{DB32D272-8B8D-463B-972B-78EA1FA5CAE5}.Debug|Mixed Platforms.Build.0 = Debug|Any CPU
		{DB32D272-8B8D-463B-972B-78EA1FA5CAE5}.Debug|x86.ActiveCfg = Debug|Any CPU
		{DB32D272-8B8D-463B-972B-78EA1FA5CAE5}.Release|Any CPU.ActiveCfg = Release|Any CPU
		{DB32D272-8B8D-463B-972B-78EA1FA5CAE5}.Release|Any CPU.Build.0 = Release|Any CPU
		{DB32D272-8B8D-463B-972B-78EA1FA5CAE5}.Release|Mixed Platforms.ActiveCfg = Release|Any CPU
		{DB32D272-8B8D-463B-972B-78EA1FA5CAE5}.Release|Mixed Platforms.Build.0 = Release|Any CPU
		{DB32D272-8B8D-463B-972B-78EA1FA5CAE5}.Release|x86.ActiveCfg = Release|Any CPU
	EndGlobalSection
	GlobalSection(SolutionProperties) = preSolution
		HideSolutionNode = FALSE
	EndGlobalSection
EndGlobal
